{
  "object": {
    "pins": [
      {
        "package": "IQKeyboardManagerSwift",
        "repositoryURL": "https://github.com/hackiftekhar/IQKeyboardManager",
        "state": {
          "branch": null,
          "revision": "474f849accae40fe61b5302d9b057dd48ee073ba",
          "version": "6.5.9"
        }
      },
      {
        "package": "TextFieldEffects",
        "repositoryURL": "https://github.com/raulriera/TextFieldEffects",
        "state": {
          "branch": null,
          "revision": "7e563d4d6d755bb1ab6c1c049f8c215d7c489100",
          "version": "1.7.0"
        }
      }
    ]
  },
  "version": 1
}
