// !$*UTF8*$!
{
	archiveVersion = 1;
	classes = {
	};
	objectVersion = 55;
	objects = {

/* Begin PBXBuildFile section */
		D64B0AAF2702DD5400845946 /* AppDelegate.swift in Sources */ = {isa = PBXBuildFile; fileRef = D64B0AAE2702DD5400845946 /* AppDelegate.swift */; };
		D64B0AB12702DD5400845946 /* SceneDelegate.swift in Sources */ = {isa = PBXBuildFile; fileRef = D64B0AB02702DD5400845946 /* SceneDelegate.swift */; };
		D64B0AB32702DD5400845946 /* ViewController.swift in Sources */ = {isa = PBXBuildFile; fileRef = D64B0AB22702DD5400845946 /* ViewController.swift */; };
		D64B0AB62702DD5400845946 /* Main.storyboard in Resources */ = {isa = PBXBuildFile; fileRef = D64B0AB42702DD5400845946 /* Main.storyboard */; };
		D64B0AB82702DD5500845946 /* Assets.xcassets in Resources */ = {isa = PBXBuildFile; fileRef = D64B0AB72702DD5500845946 /* Assets.xcassets */; };
		D64B0ABB2702DD5500845946 /* LaunchScreen.storyboard in Resources */ = {isa = PBXBuildFile; fileRef = D64B0AB92702DD5500845946 /* LaunchScreen.storyboard */; };
		D64B0AC62702DD5500845946 /* CalendarAppTests.swift in Sources */ = {isa = PBXBuildFile; fileRef = D64B0AC52702DD5500845946 /* CalendarAppTests.swift */; };
		D64B0AD02702DD5500845946 /* CalendarAppUITests.swift in Sources */ = {isa = PBXBuildFile; fileRef = D64B0ACF2702DD5500845946 /* CalendarAppUITests.swift */; };
		D64B0AD22702DD5500845946 /* CalendarAppUITestsLaunchTests.swift in Sources */ = {isa = PBXBuildFile; fileRef = D64B0AD12702DD5500845946 /* CalendarAppUITestsLaunchTests.swift */; };
/* End PBXBuildFile section */

/* Begin PBXContainerItemProxy section */
		D64B0AC22702DD5500845946 /* PBXContainerItemProxy */ = {
			isa = PBXContainerItemProxy;
			containerPortal = D64B0AA32702DD5400845946 /* Project object */;
			proxyType = 1;
			remoteGlobalIDString = D64B0AAA2702DD5400845946;
			remoteInfo = CalendarApp;
		};
		D64B0ACC2702DD5500845946 /* PBXContainerItemProxy */ = {
			isa = PBXContainerItemProxy;
			containerPortal = D64B0AA32702DD5400845946 /* Project object */;
			proxyType = 1;
			remoteGlobalIDString = D64B0AAA2702DD5400845946;
			remoteInfo = CalendarApp;
		};
/* End PBXContainerItemProxy section */

/* Begin PBXFileReference section */
		D64B0AAB2702DD5400845946 /* CalendarApp.app */ = {isa = PBXFileReference; explicitFileType = wrapper.application; includeInIndex = 0; path = CalendarApp.app; sourceTree = BUILT_PRODUCTS_DIR; };
		D64B0AAE2702DD5400845946 /* AppDelegate.swift */ = {isa = PBXFileReference; lastKnownFileType = sourcecode.swift; path = AppDelegate.swift; sourceTree = "<group>"; };
		D64B0AB02702DD5400845946 /* SceneDelegate.swift */ = {isa = PBXFileReference; lastKnownFileType = sourcecode.swift; path = SceneDelegate.swift; sourceTree = "<group>"; };
		D64B0AB22702DD5400845946 /* ViewController.swift */ = {isa = PBXFileReference; lastKnownFileType = sourcecode.swift; path = ViewController.swift; sourceTree = "<group>"; };
		D64B0AB52702DD5400845946 /* Base */ = {isa = PBXFileReference; lastKnownFileType = file.storyboard; name = Base; path = Base.lproj/Main.storyboard; sourceTree = "<group>"; };
		D64B0AB72702DD5500845946 /* Assets.xcassets */ = {isa = PBXFileReference; lastKnownFileType = folder.assetcatalog; path = Assets.xcassets; sourceTree = "<group>"; };
		D64B0ABA2702DD5500845946 /* Base */ = {isa = PBXFileReference; lastKnownFileType = file.storyboard; name = Base; path = Base.lproj/LaunchScreen.storyboard; sourceTree = "<group>"; };
		D64B0ABC2702DD5500845946 /* Info.plist */ = {isa = PBXFileReference; lastKnownFileType = text.plist.xml; path = Info.plist; sourceTree = "<group>"; };
		D64B0AC12702DD5500845946 /* CalendarAppTests.xctest */ = {isa = PBXFileReference; explicitFileType = wrapper.cfbundle; includeInIndex = 0; path = CalendarAppTests.xctest; sourceTree = BUILT_PRODUCTS_DIR; };
		D64B0AC52702DD5500845946 /* CalendarAppTests.swift */ = {isa = PBXFileReference; lastKnownFileType = sourcecode.swift; path = CalendarAppTests.swift; sourceTree = "<group>"; };
		D64B0ACB2702DD5500845946 /* CalendarAppUITests.xctest */ = {isa = PBXFileReference; explicitFileType = wrapper.cfbundle; includeInIndex = 0; path = CalendarAppUITests.xctest; sourceTree = BUILT_PRODUCTS_DIR; };
		D64B0ACF2702DD5500845946 /* CalendarAppUITests.swift */ = {isa = PBXFileReference; lastKnownFileType = sourcecode.swift; path = CalendarAppUITests.swift; sourceTree = "<group>"; };
		D64B0AD12702DD5500845946 /* CalendarAppUITestsLaunchTests.swift */ = {isa = PBXFileReference; lastKnownFileType = sourcecode.swift; path = CalendarAppUITestsLaunchTests.swift; sourceTree = "<group>"; };
/* End PBXFileReference section */

/* Begin PBXFrameworksBuildPhase section */
		D64B0AA82702DD5400845946 /* Frameworks */ = {
			isa = PBXFrameworksBuildPhase;
			buildActionMask = 2147483647;
			files = (
			);
			runOnlyForDeploymentPostprocessing = 0;
		};
		D64B0ABE2702DD5500845946 /* Frameworks */ = {
			isa = PBXFrameworksBuildPhase;
			buildActionMask = 2147483647;
			files = (
			);
			runOnlyForDeploymentPostprocessing = 0;
		};
		D64B0AC82702DD5500845946 /* Frameworks */ = {
			isa = PBXFrameworksBuildPhase;
			buildActionMask = 2147483647;
			files = (
			);
			runOnlyForDeploymentPostprocessing = 0;
		};
/* End PBXFrameworksBuildPhase section */

/* Begin PBXGroup section */
		D64B0AA22702DD5400845946 = {
			isa = PBXGroup;
			children = (
				D64B0AAD2702DD5400845946 /* CalendarApp */,
				D64B0AC42702DD5500845946 /* CalendarAppTests */,
				D64B0ACE2702DD5500845946 /* CalendarAppUITests */,
				D64B0AAC2702DD5400845946 /* Products */,
			);
			sourceTree = "<group>";
		};
		D64B0AAC2702DD5400845946 /* Products */ = {
			isa = PBXGroup;
			children = (
				D64B0AAB2702DD5400845946 /* CalendarApp.app */,
				D64B0AC12702DD5500845946 /* CalendarAppTests.xctest */,
				D64B0ACB2702DD5500845946 /* CalendarAppUITests.xctest */,
			);
			name = Products;
			sourceTree = "<group>";
		};
		D64B0AAD2702DD5400845946 /* CalendarApp */ = {
			isa = PBXGroup;
			children = (
				D64B0AAE2702DD5400845946 /* AppDelegate.swift */,
				D64B0AB02702DD5400845946 /* SceneDelegate.swift */,
				D64B0AB22702DD5400845946 /* ViewController.swift */,
				D64B0AB42702DD5400845946 /* Main.storyboard */,
				D64B0AB72702DD5500845946 /* Assets.xcassets */,
				D64B0AB92702DD5500845946 /* LaunchScreen.storyboard */,
				D64B0ABC2702DD5500845946 /* Info.plist */,
			);
			path = CalendarApp;
			sourceTree = "<group>";
		};
		D64B0AC42702DD5500845946 /* CalendarAppTests */ = {
			isa = PBXGroup;
			children = (
				D64B0AC52702DD5500845946 /* CalendarAppTests.swift */,
			);
			path = CalendarAppTests;
			sourceTree = "<group>";
		};
		D64B0ACE2702DD5500845946 /* CalendarAppUITests */ = {
			isa = PBXGroup;
			children = (
				D64B0ACF2702DD5500845946 /* CalendarAppUITests.swift */,
				D64B0AD12702DD5500845946 /* CalendarAppUITestsLaunchTests.swift */,
			);
			path = CalendarAppUITests;
			sourceTree = "<group>";
		};
/* End PBXGroup section */

/* Begin PBXNativeTarget section */
		D64B0AAA2702DD5400845946 /* CalendarApp */ = {
			isa = PBXNativeTarget;
			buildConfigurationList = D64B0AD52702DD5500845946 /* Build configuration list for PBXNativeTarget "CalendarApp" */;
			buildPhases = (
				D64B0AA72702DD5400845946 /* Sources */,
				D64B0AA82702DD5400845946 /* Frameworks */,
				D64B0AA92702DD5400845946 /* Resources */,
			);
			buildRules = (
			);
			dependencies = (
			);
			name = CalendarApp;
			productName = CalendarApp;
			productReference = D64B0AAB2702DD5400845946 /* CalendarApp.app */;
			productType = "com.apple.product-type.application";
		};
		D64B0AC02702DD5500845946 /* CalendarAppTests */ = {
			isa = PBXNativeTarget;
			buildConfigurationList = D64B0AD82702DD5500845946 /* Build configuration list for PBXNativeTarget "CalendarAppTests" */;
			buildPhases = (
				D64B0ABD2702DD5500845946 /* Sources */,
				D64B0ABE2702DD5500845946 /* Frameworks */,
				D64B0ABF2702DD5500845946 /* Resources */,
			);
			buildRules = (
			);
			dependencies = (
				D64B0AC32702DD5500845946 /* PBXTargetDependency */,
			);
			name = CalendarAppTests;
			productName = CalendarAppTests;
			productReference = D64B0AC12702DD5500845946 /* CalendarAppTests.xctest */;
			productType = "com.apple.product-type.bundle.unit-test";
		};
		D64B0ACA2702DD5500845946 /* CalendarAppUITests */ = {
			isa = PBXNativeTarget;
			buildConfigurationList = D64B0ADB2702DD5500845946 /* Build configuration list for PBXNativeTarget "CalendarAppUITests" */;
			buildPhases = (
				D64B0AC72702DD5500845946 /* Sources */,
				D64B0AC82702DD5500845946 /* Frameworks */,
				D64B0AC92702DD5500845946 /* Resources */,
			);
			buildRules = (
			);
			dependencies = (
				D64B0ACD2702DD5500845946 /* PBXTargetDependency */,
			);
			name = CalendarAppUITests;
			productName = CalendarAppUITests;
			productReference = D64B0ACB2702DD5500845946 /* CalendarAppUITests.xctest */;
			productType = "com.apple.product-type.bundle.ui-testing";
		};
/* End PBXNativeTarget section */

/* Begin PBXProject section */
		D64B0AA32702DD5400845946 /* Project object */ = {
			isa = PBXProject;
			attributes = {
				BuildIndependentTargetsInParallel = 1;
				LastSwiftUpdateCheck = 1300;
				LastUpgradeCheck = 1300;
				TargetAttributes = {
					D64B0AAA2702DD5400845946 = {
						CreatedOnToolsVersion = 13.0;
					};
					D64B0AC02702DD5500845946 = {
						CreatedOnToolsVersion = 13.0;
						TestTargetID = D64B0AAA2702DD5400845946;
					};
					D64B0ACA2702DD5500845946 = {
						CreatedOnToolsVersion = 13.0;
						TestTargetID = D64B0AAA2702DD5400845946;
					};
				};
			};
			buildConfigurationList = D64B0AA62702DD5400845946 /* Build configuration list for PBXProject "CalendarApp" */;
			compatibilityVersion = "Xcode 13.0";
			developmentRegion = en;
			hasScannedForEncodings = 0;
			knownRegions = (
				en,
				Base,
			);
			mainGroup = D64B0AA22702DD5400845946;
			productRefGroup = D64B0AAC2702DD5400845946 /* Products */;
			projectDirPath = "";
			projectRoot = "";
			targets = (
				D64B0AAA2702DD5400845946 /* CalendarApp */,
				D64B0AC02702DD5500845946 /* CalendarAppTests */,
				D64B0ACA2702DD5500845946 /* CalendarAppUITests */,
			);
		};
/* End PBXProject section */

/* Begin PBXResourcesBuildPhase section */
		D64B0AA92702DD5400845946 /* Resources */ = {
			isa = PBXResourcesBuildPhase;
			buildActionMask = 2147483647;
			files = (
				D64B0ABB2702DD5500845946 /* LaunchScreen.storyboard in Resources */,
				D64B0AB82702DD5500845946 /* Assets.xcassets in Resources */,
				D64B0AB62702DD5400845946 /* Main.storyboard in Resources */,
			);
			runOnlyForDeploymentPostprocessing = 0;
		};
		D64B0ABF2702DD5500845946 /* Resources */ = {
			isa = PBXResourcesBuildPhase;
			buildActionMask = 2147483647;
			files = (
			);
			runOnlyForDeploymentPostprocessing = 0;
		};
		D64B0AC92702DD5500845946 /* Resources */ = {
			isa = PBXResourcesBuildPhase;
			buildActionMask = 2147483647;
			files = (
			);
			runOnlyForDeploymentPostprocessing = 0;
		};
/* End PBXResourcesBuildPhase section */

/* Begin PBXSourcesBuildPhase section */
		D64B0AA72702DD5400845946 /* Sources */ = {
			isa = PBXSourcesBuildPhase;
			buildActionMask = 2147483647;
			files = (
				D64B0AB32702DD5400845946 /* ViewController.swift in Sources */,
				D64B0AAF2702DD5400845946 /* AppDelegate.swift in Sources */,
				D64B0AB12702DD5400845946 /* SceneDelegate.swift in Sources */,
			);
			runOnlyForDeploymentPostprocessing = 0;
		};
		D64B0ABD2702DD5500845946 /* Sources */ = {
			isa = PBXSourcesBuildPhase;
			buildActionMask = 2147483647;
			files = (
				D64B0AC62702DD5500845946 /* CalendarAppTests.swift in Sources */,
			);
			runOnlyForDeploymentPostprocessing = 0;
		};
		D64B0AC72702DD5500845946 /* Sources */ = {
			isa = PBXSourcesBuildPhase;
			buildActionMask = 2147483647;
			files = (
				D64B0AD22702DD5500845946 /* CalendarAppUITestsLaunchTests.swift in Sources */,
				D64B0AD02702DD5500845946 /* CalendarAppUITests.swift in Sources */,
			);
			runOnlyForDeploymentPostprocessing = 0;
		};
/* End PBXSourcesBuildPhase section */

/* Begin PBXTargetDependency section */
		D64B0AC32702DD5500845946 /* PBXTargetDependency */ = {
			isa = PBXTargetDependency;
			target = D64B0AAA2702DD5400845946 /* CalendarApp */;
			targetProxy = D64B0AC22702DD5500845946 /* PBXContainerItemProxy */;
		};
		D64B0ACD2702DD5500845946 /* PBXTargetDependency */ = {
			isa = PBXTargetDependency;
			target = D64B0AAA2702DD5400845946 /* CalendarApp */;
			targetProxy = D64B0ACC2702DD5500845946 /* PBXContainerItemProxy */;
		};
/* End PBXTargetDependency section */

/* Begin PBXVariantGroup section */
		D64B0AB42702DD5400845946 /* Main.storyboard */ = {
			isa = PBXVariantGroup;
			children = (
				D64B0AB52702DD5400845946 /* Base */,
			);
			name = Main.storyboard;
			sourceTree = "<group>";
		};
		D64B0AB92702DD5500845946 /* LaunchScreen.storyboard */ = {
			isa = PBXVariantGroup;
			children = (
				D64B0ABA2702DD5500845946 /* Base */,
			);
			name = LaunchScreen.storyboard;
			sourceTree = "<group>";
		};
/* End PBXVariantGroup section */

/* Begin XCBuildConfiguration section */
		D64B0AD32702DD5500845946 /* Debug */ = {
			isa = XCBuildConfiguration;
			buildSettings = {
				ALWAYS_SEARCH_USER_PATHS = NO;
				CLANG_ANALYZER_NONNULL = YES;
				CLANG_ANALYZER_NUMBER_OBJECT_CONVERSION = YES_AGGRESSIVE;
				CLANG_CXX_LANGUAGE_STANDARD = "gnu++17";
				CLANG_CXX_LIBRARY = "libc++";
				CLANG_ENABLE_MODULES = YES;
				CLANG_ENABLE_OBJC_ARC = YES;
				CLANG_ENABLE_OBJC_WEAK = YES;
				CLANG_WARN_BLOCK_CAPTURE_AUTORELEASING = YES;
				CLANG_WARN_BOOL_CONVERSION = YES;
				CLANG_WARN_COMMA = YES;
				CLANG_WARN_CONSTANT_CONVERSION = YES;
				CLANG_WARN_DEPRECATED_OBJC_IMPLEMENTATIONS = YES;
				CLANG_WARN_DIRECT_OBJC_ISA_USAGE = YES_ERROR;
				CLANG_WARN_DOCUMENTATION_COMMENTS = YES;
				CLANG_WARN_EMPTY_BODY = YES;
				CLANG_WARN_ENUM_CONVERSION = YES;
				CLANG_WARN_INFINITE_RECURSION = YES;
				CLANG_WARN_INT_CONVERSION = YES;
				CLANG_WARN_NON_LITERAL_NULL_CONVERSION = YES;
				CLANG_WARN_OBJC_IMPLICIT_RETAIN_SELF = YES;
				CLANG_WARN_OBJC_LITERAL_CONVERSION = YES;
				CLANG_WARN_OBJC_ROOT_CLASS = YES_ERROR;
				CLANG_WARN_QUOTED_INCLUDE_IN_FRAMEWORK_HEADER = YES;
				CLANG_WARN_RANGE_LOOP_ANALYSIS = YES;
				CLANG_WARN_STRICT_PROTOTYPES = YES;
				CLANG_WARN_SUSPICIOUS_MOVE = YES;
				CLANG_WARN_UNGUARDED_AVAILABILITY = YES_AGGRESSIVE;
				CLANG_WARN_UNREACHABLE_CODE = YES;
				CLANG_WARN__DUPLICATE_METHOD_MATCH = YES;
				COPY_PHASE_STRIP = NO;
				DEBUG_INFORMATION_FORMAT = dwarf;
				ENABLE_STRICT_OBJC_MSGSEND = YES;
				ENABLE_TESTABILITY = YES;
				GCC_C_LANGUAGE_STANDARD = gnu11;
				GCC_DYNAMIC_NO_PIC = NO;
				GCC_NO_COMMON_BLOCKS = YES;
				GCC_OPTIMIZATION_LEVEL = 0;
				GCC_PREPROCESSOR_DEFINITIONS = (
					"DEBUG=1",
					"$(inherited)",
				);
				GCC_WARN_64_TO_32_BIT_CONVERSION = YES;
				GCC_WARN_ABOUT_RETURN_TYPE = YES_ERROR;
				GCC_WARN_UNDECLARED_SELECTOR = YES;
				GCC_WARN_UNINITIALIZED_AUTOS = YES_AGGRESSIVE;
				GCC_WARN_UNUSED_FUNCTION = YES;
				GCC_WARN_UNUSED_VARIABLE = YES;
				IPHONEOS_DEPLOYMENT_TARGET = 15.0;
				MTL_ENABLE_DEBUG_INFO = INCLUDE_SOURCE;
				MTL_FAST_MATH = YES;
				ONLY_ACTIVE_ARCH = YES;
				SDKROOT = iphoneos;
				SWIFT_ACTIVE_COMPILATION_CONDITIONS = DEBUG;
				SWIFT_OPTIMIZATION_LEVEL = "-Onone";
			};
			name = Debug;
		};
		D64B0AD42702DD5500845946 /* Release */ = {
			isa = XCBuildConfiguration;
			buildSettings = {
				ALWAYS_SEARCH_USER_PATHS = NO;
				CLANG_ANALYZER_NONNULL = YES;
				CLANG_ANALYZER_NUMBER_OBJECT_CONVERSION = YES_AGGRESSIVE;
				CLANG_CXX_LANGUAGE_STANDARD = "gnu++17";
				CLANG_CXX_LIBRARY = "libc++";
				CLANG_ENABLE_MODULES = YES;
				CLANG_ENABLE_OBJC_ARC = YES;
				CLANG_ENABLE_OBJC_WEAK = YES;
				CLANG_WARN_BLOCK_CAPTURE_AUTORELEASING = YES;
				CLANG_WARN_BOOL_CONVERSION = YES;
				CLANG_WARN_COMMA = YES;
				CLANG_WARN_CONSTANT_CONVERSION = YES;
				CLANG_WARN_DEPRECATED_OBJC_IMPLEMENTATIONS = YES;
				CLANG_WARN_DIRECT_OBJC_ISA_USAGE = YES_ERROR;
				CLANG_WARN_DOCUMENTATION_COMMENTS = YES;
				CLANG_WARN_EMPTY_BODY = YES;
				CLANG_WARN_ENUM_CONVERSION = YES;
				CLANG_WARN_INFINITE_RECURSION = YES;
				CLANG_WARN_INT_CONVERSION = YES;
				CLANG_WARN_NON_LITERAL_NULL_CONVERSION = YES;
				CLANG_WARN_OBJC_IMPLICIT_RETAIN_SELF = YES;
				CLANG_WARN_OBJC_LITERAL_CONVERSION = YES;
				CLANG_WARN_OBJC_ROOT_CLASS = YES_ERROR;
				CLANG_WARN_QUOTED_INCLUDE_IN_FRAMEWORK_HEADER = YES;
				CLANG_WARN_RANGE_LOOP_ANALYSIS = YES;
				CLANG_WARN_STRICT_PROTOTYPES = YES;
				CLANG_WARN_SUSPICIOUS_MOVE = YES;
				CLANG_WARN_UNGUARDED_AVAILABILITY = YES_AGGRESSIVE;
				CLANG_WARN_UNREACHABLE_CODE = YES;
				CLANG_WARN__DUPLICATE_METHOD_MATCH = YES;
				COPY_PHASE_STRIP = NO;
				DEBUG_INFORMATION_FORMAT = "dwarf-with-dsym";
				ENABLE_NS_ASSERTIONS = NO;
				ENABLE_STRICT_OBJC_MSGSEND = YES;
				GCC_C_LANGUAGE_STANDARD = gnu11;
				GCC_NO_COMMON_BLOCKS = YES;
				GCC_WARN_64_TO_32_BIT_CONVERSION = YES;
				GCC_WARN_ABOUT_RETURN_TYPE = YES_ERROR;
				GCC_WARN_UNDECLARED_SELECTOR = YES;
				GCC_WARN_UNINITIALIZED_AUTOS = YES_AGGRESSIVE;
				GCC_WARN_UNUSED_FUNCTION = YES;
				GCC_WARN_UNUSED_VARIABLE = YES;
				IPHONEOS_DEPLOYMENT_TARGET = 15.0;
				MTL_ENABLE_DEBUG_INFO = NO;
				MTL_FAST_MATH = YES;
				SDKROOT = iphoneos;
				SWIFT_COMPILATION_MODE = wholemodule;
				SWIFT_OPTIMIZATION_LEVEL = "-O";
				VALIDATE_PRODUCT = YES;
			};
			name = Release;
		};
		D64B0AD62702DD5500845946 /* Debug */ = {
			isa = XCBuildConfiguration;
			buildSettings = {
				ASSETCATALOG_COMPILER_APPICON_NAME = AppIcon;
				ASSETCATALOG_COMPILER_GLOBAL_ACCENT_COLOR_NAME = AccentColor;
				CODE_SIGN_STYLE = Automatic;
				CURRENT_PROJECT_VERSION = 1;
				DEVELOPMENT_TEAM = L6Q4H7M3DB;
				GENERATE_INFOPLIST_FILE = YES;
				INFOPLIST_FILE = CalendarApp/Info.plist;
				INFOPLIST_KEY_UIApplicationSupportsIndirectInputEvents = YES;
				INFOPLIST_KEY_UILaunchStoryboardName = LaunchScreen;
				INFOPLIST_KEY_UIMainStoryboardFile = Main;
				INFOPLIST_KEY_UISupportedInterfaceOrientations_iPad = "UIInterfaceOrientationPortrait UIInterfaceOrientationPortraitUpsideDown UIInterfaceOrientationLandscapeLeft UIInterfaceOrientationLandscapeRight";
				INFOPLIST_KEY_UISupportedInterfaceOrientations_iPhone = "UIInterfaceOrientationPortrait UIInterfaceOrientationLandscapeLeft UIInterfaceOrientationLandscapeRight";
				LD_RUNPATH_SEARCH_PATHS = (
					"$(inherited)",
					"@executable_path/Frameworks",
				);
				MARKETING_VERSION = 1.0;
				PRODUCT_BUNDLE_IDENTIFIER = com.soraproject.CalendarApp;
				PRODUCT_NAME = "$(TARGET_NAME)";
				SWIFT_EMIT_LOC_STRINGS = YES;
				SWIFT_VERSION = 5.0;
				TARGETED_DEVICE_FAMILY = "1,2";
			};
			name = Debug;
		};
		D64B0AD72702DD5500845946 /* Release */ = {
			isa = XCBuildConfiguration;
			buildSettings = {
				ASSETCATALOG_COMPILER_APPICON_NAME = AppIcon;
				ASSETCATALOG_COMPILER_GLOBAL_ACCENT_COLOR_NAME = AccentColor;
				CODE_SIGN_STYLE = Automatic;
				CURRENT_PROJECT_VERSION = 1;
				DEVELOPMENT_TEAM = L6Q4H7M3DB;
				GENERATE_INFOPLIST_FILE = YES;
				INFOPLIST_FILE = CalendarApp/Info.plist;
				INFOPLIST_KEY_UIApplicationSupportsIndirectInputEvents = YES;
				INFOPLIST_KEY_UILaunchStoryboardName = LaunchScreen;
				INFOPLIST_KEY_UIMainStoryboardFile = Main;
				INFOPLIST_KEY_UISupportedInterfaceOrientations_iPad = "UIInterfaceOrientationPortrait UIInterfaceOrientationPortraitUpsideDown UIInterfaceOrientationLandscapeLeft UIInterfaceOrientationLandscapeRight";
				INFOPLIST_KEY_UISupportedInterfaceOrientations_iPhone = "UIInterfaceOrientationPortrait UIInterfaceOrientationLandscapeLeft UIInterfaceOrientationLandscapeRight";
				LD_RUNPATH_SEARCH_PATHS = (
					"$(inherited)",
					"@executable_path/Frameworks",
				);
				MARKETING_VERSION = 1.0;
				PRODUCT_BUNDLE_IDENTIFIER = com.soraproject.CalendarApp;
				PRODUCT_NAME = "$(TARGET_NAME)";
				SWIFT_EMIT_LOC_STRINGS = YES;
				SWIFT_VERSION = 5.0;
				TARGETED_DEVICE_FAMILY = "1,2";
			};
			name = Release;
		};
		D64B0AD92702DD5500845946 /* Debug */ = {
			isa = XCBuildConfiguration;
			buildSettings = {
				ALWAYS_EMBED_SWIFT_STANDARD_LIBRARIES = YES;
				BUNDLE_LOADER = "$(TEST_HOST)";
				CODE_SIGN_STYLE = Automatic;
				CURRENT_PROJECT_VERSION = 1;
				DEVELOPMENT_TEAM = L6Q4H7M3DB;
				GENERATE_INFOPLIST_FILE = YES;
				IPHONEOS_DEPLOYMENT_TARGET = 15.0;
				LD_RUNPATH_SEARCH_PATHS = (
					"$(inherited)",
					"@executable_path/Frameworks",
					"@loader_path/Frameworks",
				);
				MARKETING_VERSION = 1.0;
				PRODUCT_BUNDLE_IDENTIFIER = com.soraproject.CalendarAppTests;
				PRODUCT_NAME = "$(TARGET_NAME)";
				SWIFT_EMIT_LOC_STRINGS = NO;
				SWIFT_VERSION = 5.0;
				TARGETED_DEVICE_FAMILY = "1,2";
				TEST_HOST = "$(BUILT_PRODUCTS_DIR)/CalendarApp.app/CalendarApp";
			};
			name = Debug;
		};
		D64B0ADA2702DD5500845946 /* Release */ = {
			isa = XCBuildConfiguration;
			buildSettings = {
				ALWAYS_EMBED_SWIFT_STANDARD_LIBRARIES = YES;
				BUNDLE_LOADER = "$(TEST_HOST)";
				CODE_SIGN_STYLE = Automatic;
				CURRENT_PROJECT_VERSION = 1;
				DEVELOPMENT_TEAM = L6Q4H7M3DB;
				GENERATE_INFOPLIST_FILE = YES;
				IPHONEOS_DEPLOYMENT_TARGET = 15.0;
				LD_RUNPATH_SEARCH_PATHS = (
					"$(inherited)",
					"@executable_path/Frameworks",
					"@loader_path/Frameworks",
				);
				MARKETING_VERSION = 1.0;
				PRODUCT_BUNDLE_IDENTIFIER = com.soraproject.CalendarAppTests;
				PRODUCT_NAME = "$(TARGET_NAME)";
				SWIFT_EMIT_LOC_STRINGS = NO;
				SWIFT_VERSION = 5.0;
				TARGETED_DEVICE_FAMILY = "1,2";
				TEST_HOST = "$(BUILT_PRODUCTS_DIR)/CalendarApp.app/CalendarApp";
			};
			name = Release;
		};
		D64B0ADC2702DD5500845946 /* Debug */ = {
			isa = XCBuildConfiguration;
			buildSettings = {
				ALWAYS_EMBED_SWIFT_STANDARD_LIBRARIES = YES;
				CODE_SIGN_STYLE = Automatic;
				CURRENT_PROJECT_VERSION = 1;
				DEVELOPMENT_TEAM = L6Q4H7M3DB;
				GENERATE_INFOPLIST_FILE = YES;
				LD_RUNPATH_SEARCH_PATHS = (
					"$(inherited)",
					"@executable_path/Frameworks",
					"@loader_path/Frameworks",
				);
				MARKETING_VERSION = 1.0;
				PRODUCT_BUNDLE_IDENTIFIER = com.soraproject.CalendarAppUITests;
				PRODUCT_NAME = "$(TARGET_NAME)";
				SWIFT_EMIT_LOC_STRINGS = NO;
				SWIFT_VERSION = 5.0;
				TARGETED_DEVICE_FAMILY = "1,2";
				TEST_TARGET_NAME = CalendarApp;
			};
			name = Debug;
		};
		D64B0ADD2702DD5500845946 /* Release */ = {
			isa = XCBuildConfiguration;
			buildSettings = {
				ALWAYS_EMBED_SWIFT_STANDARD_LIBRARIES = YES;
				CODE_SIGN_STYLE = Automatic;
				CURRENT_PROJECT_VERSION = 1;
				DEVELOPMENT_TEAM = L6Q4H7M3DB;
				GENERATE_INFOPLIST_FILE = YES;
				LD_RUNPATH_SEARCH_PATHS = (
					"$(inherited)",
					"@executable_path/Frameworks",
					"@loader_path/Frameworks",
				);
				MARKETING_VERSION = 1.0;
				PRODUCT_BUNDLE_IDENTIFIER = com.soraproject.CalendarAppUITests;
				PRODUCT_NAME = "$(TARGET_NAME)";
				SWIFT_EMIT_LOC_STRINGS = NO;
				SWIFT_VERSION = 5.0;
				TARGETED_DEVICE_FAMILY = "1,2";
				TEST_TARGET_NAME = CalendarApp;
			};
			name = Release;
		};
/* End XCBuildConfiguration section */

/* Begin XCConfigurationList section */
		D64B0AA62702DD5400845946 /* Build configuration list for PBXProject "CalendarApp" */ = {
			isa = XCConfigurationList;
			buildConfigurations = (
				D64B0AD32702DD5500845946 /* Debug */,
				D64B0AD42702DD5500845946 /* Release */,
			);
			defaultConfigurationIsVisible = 0;
			defaultConfigurationName = Release;
		};
		D64B0AD52702DD5500845946 /* Build configuration list for PBXNativeTarget "CalendarApp" */ = {
			isa = XCConfigurationList;
			buildConfigurations = (
				D64B0AD62702DD5500845946 /* Debug */,
				D64B0AD72702DD5500845946 /* Release */,
			);
			defaultConfigurationIsVisible = 0;
			defaultConfigurationName = Release;
		};
		D64B0AD82702DD5500845946 /* Build configuration list for PBXNativeTarget "CalendarAppTests" */ = {
			isa = XCConfigurationList;
			buildConfigurations = (
				D64B0AD92702DD5500845946 /* Debug */,
				D64B0ADA2702DD5500845946 /* Release */,
			);
			defaultConfigurationIsVisible = 0;
			defaultConfigurationName = Release;
		};
		D64B0ADB2702DD5500845946 /* Build configuration list for PBXNativeTarget "CalendarAppUITests" */ = {
			isa = XCConfigurationList;
			buildConfigurations = (
				D64B0ADC2702DD5500845946 /* Debug */,
				D64B0ADD2702DD5500845946 /* Release */,
			);
			defaultConfigurationIsVisible = 0;
			defaultConfigurationName = Release;
		};
/* End XCConfigurationList section */
	};
	rootObject = D64B0AA32702DD5400845946 /* Project object */;
}
